
Microsoft Visual Studio Solution File, Format Version 12.00
# Visual Studio 15
VisualStudioVersion = 15.0.26430.6
MinimumVisualStudioVersion = 10.0.40219.1
Project("{FAE04EC0-301F-11D3-BF4B-00C04F79EFBC}") = "Adept AIO", "Adept AIO.csproj", "{26E904A9-26D9-4A4F-A53C-13E0BCA11D29}"
EndProject
Global
	GlobalSection(SolutionConfigurationPlatforms) = preSolution
		Debug|Any CPU = Debug|Any CPU
		Release|Any CPU = Release|Any CPU
	EndGlobalSection
	GlobalSection(ProjectConfigurationPlatforms) = postSolution
		{26E904A9-26D9-4A4F-A53C-13E0BCA11D29}.Debug|Any CPU.ActiveCfg = Debug|Any CPU
		{26E904A9-26D9-4A4F-A53C-13E0BCA11D29}.Debug|Any CPU.Build.0 = Debug|Any CPU
		{26E904A9-26D9-4A4F-A53C-13E0BCA11D29}.Release|Any CPU.ActiveCfg = Release|Any CPU
		{26E904A9-26D9-4A4F-A53C-13E0BCA11D29}.Release|Any CPU.Build.0 = Release|Any CPU
	EndGlobalSection
	GlobalSection(SolutionProperties) = preSolution
		HideSolutionNode = FALSE
	EndGlobalSection
EndGlobal
