
Microsoft Visual Studio Solution File, Format Version 12.00
# Visual Studio 15
VisualStudioVersion = 15.0.26730.10
MinimumVisualStudioVersion = 10.0.40219.1
Project("{FAE04EC0-301F-11D3-BF4B-00C04F79EFBC}") = "Adept Tracker", "Adept Tracker.csproj", "{86D0F0A9-2CA6-4B0D-AFB7-B16009003859}"
EndProject
Global
	GlobalSection(SolutionConfigurationPlatforms) = preSolution
		Debug|Any CPU = Debug|Any CPU
		Release|Any CPU = Release|Any CPU
	EndGlobalSection
	GlobalSection(ProjectConfigurationPlatforms) = postSolution
		{86D0F0A9-2CA6-4B0D-AFB7-B16009003859}.Debug|Any CPU.ActiveCfg = Debug|Any CPU
		{86D0F0A9-2CA6-4B0D-AFB7-B16009003859}.Debug|Any CPU.Build.0 = Debug|Any CPU
		{86D0F0A9-2CA6-4B0D-AFB7-B16009003859}.Release|Any CPU.ActiveCfg = Release|Any CPU
		{86D0F0A9-2CA6-4B0D-AFB7-B16009003859}.Release|Any CPU.Build.0 = Release|Any CPU
	EndGlobalSection
	GlobalSection(SolutionProperties) = preSolution
		HideSolutionNode = FALSE
	EndGlobalSection
	GlobalSection(ExtensibilityGlobals) = postSolution
		SolutionGuid = {D0F51FA2-F70D-40CA-8000-2F1FE79476D4}
	EndGlobalSection
EndGlobal
